// !$*UTF8*$!
{
	archiveVersion = 1;
	classes = {
	};
	objectVersion = 56;
	objects = {

/* Begin PBXBuildFile section */
		122238EF2AB778E400CA91B7 /* HW_1.framework in Frameworks */ = {isa = PBXBuildFile; fileRef = 122238E62AB778E300CA91B7 /* HW_1.framework */; };
		122238F42AB778E400CA91B7 /* QueueTests.swift in Sources */ = {isa = PBXBuildFile; fileRef = 122238F32AB778E400CA91B7 /* QueueTests.swift */; };
		122238F52AB778E400CA91B7 /* HW_1.h in Headers */ = {isa = PBXBuildFile; fileRef = 122238E92AB778E300CA91B7 /* HW_1.h */; settings = {ATTRIBUTES = (Public, ); }; };
		122239012AB7792700CA91B7 /* QueueProtocol.swift in Sources */ = {isa = PBXBuildFile; fileRef = 122238FE2AB7792700CA91B7 /* QueueProtocol.swift */; };
		122239032AB7792700CA91B7 /* DequeProtocol.swift in Sources */ = {isa = PBXBuildFile; fileRef = 122239002AB7792700CA91B7 /* DequeProtocol.swift */; };
		122954742ABDF6F000A72388 /* DequeTests.swift in Sources */ = {isa = PBXBuildFile; fileRef = 122954732ABDF6F000A72388 /* DequeTests.swift */; };
		CCDF7B6A2AC35ABA00295DB9 /* Queue.swift in Sources */ = {isa = PBXBuildFile; fileRef = CC9827552AC3047F00DAD741 /* Queue.swift */; };
		CCDF7B6C2AC46D9100295DB9 /* Deque.swift in Sources */ = {isa = PBXBuildFile; fileRef = CCDF7B6B2AC46D9100295DB9 /* Deque.swift */; };
/* End PBXBuildFile section */

/* Begin PBXContainerItemProxy section */
		122238F02AB778E400CA91B7 /* PBXContainerItemProxy */ = {
			isa = PBXContainerItemProxy;
			containerPortal = 122238DD2AB778E300CA91B7 /* Project object */;
			proxyType = 1;
			remoteGlobalIDString = 122238E52AB778E300CA91B7;
			remoteInfo = HW_1;
		};
/* End PBXContainerItemProxy section */

/* Begin PBXFileReference section */
		122238E62AB778E300CA91B7 /* HW_1.framework */ = {isa = PBXFileReference; explicitFileType = wrapper.framework; includeInIndex = 0; path = HW_1.framework; sourceTree = BUILT_PRODUCTS_DIR; };
		122238E92AB778E300CA91B7 /* HW_1.h */ = {isa = PBXFileReference; lastKnownFileType = sourcecode.c.h; path = HW_1.h; sourceTree = "<group>"; };
		122238EE2AB778E400CA91B7 /* HW_1Tests.xctest */ = {isa = PBXFileReference; explicitFileType = wrapper.cfbundle; includeInIndex = 0; path = HW_1Tests.xctest; sourceTree = BUILT_PRODUCTS_DIR; };
		122238F32AB778E400CA91B7 /* QueueTests.swift */ = {isa = PBXFileReference; lastKnownFileType = sourcecode.swift; path = QueueTests.swift; sourceTree = "<group>"; };
		122238FE2AB7792700CA91B7 /* QueueProtocol.swift */ = {isa = PBXFileReference; fileEncoding = 4; lastKnownFileType = sourcecode.swift; path = QueueProtocol.swift; sourceTree = "<group>"; };
		122239002AB7792700CA91B7 /* DequeProtocol.swift */ = {isa = PBXFileReference; fileEncoding = 4; lastKnownFileType = sourcecode.swift; path = DequeProtocol.swift; sourceTree = "<group>"; };
		122954732ABDF6F000A72388 /* DequeTests.swift */ = {isa = PBXFileReference; lastKnownFileType = sourcecode.swift; path = DequeTests.swift; sourceTree = "<group>"; };
		CC9827552AC3047F00DAD741 /* Queue.swift */ = {isa = PBXFileReference; lastKnownFileType = sourcecode.swift; path = Queue.swift; sourceTree = "<group>"; };
		CCDF7B6B2AC46D9100295DB9 /* Deque.swift */ = {isa = PBXFileReference; lastKnownFileType = sourcecode.swift; path = Deque.swift; sourceTree = "<group>"; };
/* End PBXFileReference section */

/* Begin PBXFrameworksBuildPhase section */
		122238E32AB778E300CA91B7 /* Frameworks */ = {
			isa = PBXFrameworksBuildPhase;
			buildActionMask = 2147483647;
			files = (
			);
			runOnlyForDeploymentPostprocessing = 0;
		};
		122238EB2AB778E400CA91B7 /* Frameworks */ = {
			isa = PBXFrameworksBuildPhase;
			buildActionMask = 2147483647;
			files = (
				122238EF2AB778E400CA91B7 /* HW_1.framework in Frameworks */,
			);
			runOnlyForDeploymentPostprocessing = 0;
		};
/* End PBXFrameworksBuildPhase section */

/* Begin PBXGroup section */
		122238DC2AB778E300CA91B7 = {
			isa = PBXGroup;
			children = (
				122238E82AB778E300CA91B7 /* HW_1 */,
				122238F22AB778E400CA91B7 /* HW_1Tests */,
				122238E72AB778E300CA91B7 /* Products */,
			);
			sourceTree = "<group>";
		};
		122238E72AB778E300CA91B7 /* Products */ = {
			isa = PBXGroup;
			children = (
				122238E62AB778E300CA91B7 /* HW_1.framework */,
				122238EE2AB778E400CA91B7 /* HW_1Tests.xctest */,
			);
			name = Products;
			sourceTree = "<group>";
		};
		122238E82AB778E300CA91B7 /* HW_1 */ = {
			isa = PBXGroup;
			children = (
				122239002AB7792700CA91B7 /* DequeProtocol.swift */,
				122238FE2AB7792700CA91B7 /* QueueProtocol.swift */,
				122238E92AB778E300CA91B7 /* HW_1.h */,
				CC9827552AC3047F00DAD741 /* Queue.swift */,
				CCDF7B6B2AC46D9100295DB9 /* Deque.swift */,
			);
			path = HW_1;
			sourceTree = "<group>";
		};
		122238F22AB778E400CA91B7 /* HW_1Tests */ = {
			isa = PBXGroup;
			children = (
				122238F32AB778E400CA91B7 /* QueueTests.swift */,
				122954732ABDF6F000A72388 /* DequeTests.swift */,
			);
			path = HW_1Tests;
			sourceTree = "<group>";
		};
/* End PBXGroup section */

/* Begin PBXHeadersBuildPhase section */
		122238E12AB778E300CA91B7 /* Headers */ = {
			isa = PBXHeadersBuildPhase;
			buildActionMask = 2147483647;
			files = (
				122238F52AB778E400CA91B7 /* HW_1.h in Headers */,
			);
			runOnlyForDeploymentPostprocessing = 0;
		};
/* End PBXHeadersBuildPhase section */

/* Begin PBXNativeTarget section */
		122238E52AB778E300CA91B7 /* HW_1 */ = {
			isa = PBXNativeTarget;
			buildConfigurationList = 122238F82AB778E400CA91B7 /* Build configuration list for PBXNativeTarget "HW_1" */;
			buildPhases = (
				122238E12AB778E300CA91B7 /* Headers */,
				122238E22AB778E300CA91B7 /* Sources */,
				122238E32AB778E300CA91B7 /* Frameworks */,
				122238E42AB778E300CA91B7 /* Resources */,
			);
			buildRules = (
			);
			dependencies = (
			);
			name = HW_1;
			productName = HW_1;
			productReference = 122238E62AB778E300CA91B7 /* HW_1.framework */;
			productType = "com.apple.product-type.framework";
		};
		122238ED2AB778E400CA91B7 /* HW_1Tests */ = {
			isa = PBXNativeTarget;
			buildConfigurationList = 122238FB2AB778E400CA91B7 /* Build configuration list for PBXNativeTarget "HW_1Tests" */;
			buildPhases = (
				122238EA2AB778E400CA91B7 /* Sources */,
				122238EB2AB778E400CA91B7 /* Frameworks */,
				122238EC2AB778E400CA91B7 /* Resources */,
			);
			buildRules = (
			);
			dependencies = (
				122238F12AB778E400CA91B7 /* PBXTargetDependency */,
			);
			name = HW_1Tests;
			productName = HW_1Tests;
			productReference = 122238EE2AB778E400CA91B7 /* HW_1Tests.xctest */;
			productType = "com.apple.product-type.bundle.unit-test";
		};
/* End PBXNativeTarget section */

/* Begin PBXProject section */
		122238DD2AB778E300CA91B7 /* Project object */ = {
			isa = PBXProject;
			attributes = {
				BuildIndependentTargetsInParallel = 1;
				LastSwiftUpdateCheck = 1430;
				LastUpgradeCheck = 1500;
				TargetAttributes = {
					122238E52AB778E300CA91B7 = {
						CreatedOnToolsVersion = 14.3.1;
						LastSwiftMigration = 1430;
					};
					122238ED2AB778E400CA91B7 = {
						CreatedOnToolsVersion = 14.3.1;
					};
				};
			};
			buildConfigurationList = 122238E02AB778E300CA91B7 /* Build configuration list for PBXProject "HW_1" */;
			compatibilityVersion = "Xcode 14.0";
			developmentRegion = en;
			hasScannedForEncodings = 0;
			knownRegions = (
				en,
				Base,
			);
			mainGroup = 122238DC2AB778E300CA91B7;
			productRefGroup = 122238E72AB778E300CA91B7 /* Products */;
			projectDirPath = "";
			projectRoot = "";
			targets = (
				122238E52AB778E300CA91B7 /* HW_1 */,
				122238ED2AB778E400CA91B7 /* HW_1Tests */,
			);
		};
/* End PBXProject section */

/* Begin PBXResourcesBuildPhase section */
		122238E42AB778E300CA91B7 /* Resources */ = {
			isa = PBXResourcesBuildPhase;
			buildActionMask = 2147483647;
			files = (
			);
			runOnlyForDeploymentPostprocessing = 0;
		};
		122238EC2AB778E400CA91B7 /* Resources */ = {
			isa = PBXResourcesBuildPhase;
			buildActionMask = 2147483647;
			files = (
			);
			runOnlyForDeploymentPostprocessing = 0;
		};
/* End PBXResourcesBuildPhase section */

/* Begin PBXSourcesBuildPhase section */
		122238E22AB778E300CA91B7 /* Sources */ = {
			isa = PBXSourcesBuildPhase;
			buildActionMask = 2147483647;
			files = (
				122239032AB7792700CA91B7 /* DequeProtocol.swift in Sources */,
				CCDF7B6A2AC35ABA00295DB9 /* Queue.swift in Sources */,
				CCDF7B6C2AC46D9100295DB9 /* Deque.swift in Sources */,
				122239012AB7792700CA91B7 /* QueueProtocol.swift in Sources */,
			);
			runOnlyForDeploymentPostprocessing = 0;
		};
		122238EA2AB778E400CA91B7 /* Sources */ = {
			isa = PBXSourcesBuildPhase;
			buildActionMask = 2147483647;
			files = (
				122954742ABDF6F000A72388 /* DequeTests.swift in Sources */,
				122238F42AB778E400CA91B7 /* QueueTests.swift in Sources */,
			);
			runOnlyForDeploymentPostprocessing = 0;
		};
/* End PBXSourcesBuildPhase section */

/* Begin PBXTargetDependency section */
		122238F12AB778E400CA91B7 /* PBXTargetDependency */ = {
			isa = PBXTargetDependency;
			target = 122238E52AB778E300CA91B7 /* HW_1 */;
			targetProxy = 122238F02AB778E400CA91B7 /* PBXContainerItemProxy */;
		};
/* End PBXTargetDependency section */

/* Begin XCBuildConfiguration section */
		122238F62AB778E400CA91B7 /* Debug */ = {
			isa = XCBuildConfiguration;
			buildSettings = {
				ALWAYS_SEARCH_USER_PATHS = NO;
				CLANG_ANALYZER_NONNULL = YES;
				CLANG_ANALYZER_NUMBER_OBJECT_CONVERSION = YES_AGGRESSIVE;
				CLANG_CXX_LANGUAGE_STANDARD = "gnu++20";
				CLANG_ENABLE_MODULES = YES;
				CLANG_ENABLE_OBJC_ARC = YES;
				CLANG_ENABLE_OBJC_WEAK = YES;
				CLANG_WARN_BLOCK_CAPTURE_AUTORELEASING = YES;
				CLANG_WARN_BOOL_CONVERSION = YES;
				CLANG_WARN_COMMA = YES;
				CLANG_WARN_CONSTANT_CONVERSION = YES;
				CLANG_WARN_DEPRECATED_OBJC_IMPLEMENTATIONS = YES;
				CLANG_WARN_DIRECT_OBJC_ISA_USAGE = YES_ERROR;
				CLANG_WARN_DOCUMENTATION_COMMENTS = YES;
				CLANG_WARN_EMPTY_BODY = YES;
				CLANG_WARN_ENUM_CONVERSION = YES;
				CLANG_WARN_INFINITE_RECURSION = YES;
				CLANG_WARN_INT_CONVERSION = YES;
				CLANG_WARN_NON_LITERAL_NULL_CONVERSION = YES;
				CLANG_WARN_OBJC_IMPLICIT_RETAIN_SELF = YES;
				CLANG_WARN_OBJC_LITERAL_CONVERSION = YES;
				CLANG_WARN_OBJC_ROOT_CLASS = YES_ERROR;
				CLANG_WARN_QUOTED_INCLUDE_IN_FRAMEWORK_HEADER = YES;
				CLANG_WARN_RANGE_LOOP_ANALYSIS = YES;
				CLANG_WARN_STRICT_PROTOTYPES = YES;
				CLANG_WARN_SUSPICIOUS_MOVE = YES;
				CLANG_WARN_UNGUARDED_AVAILABILITY = YES_AGGRESSIVE;
				CLANG_WARN_UNREACHABLE_CODE = YES;
				CLANG_WARN__DUPLICATE_METHOD_MATCH = YES;
				COPY_PHASE_STRIP = NO;
				CURRENT_PROJECT_VERSION = 1;
				DEAD_CODE_STRIPPING = YES;
				DEBUG_INFORMATION_FORMAT = dwarf;
				ENABLE_STRICT_OBJC_MSGSEND = YES;
				ENABLE_TESTABILITY = YES;
				ENABLE_USER_SCRIPT_SANDBOXING = YES;
				GCC_C_LANGUAGE_STANDARD = gnu11;
				GCC_DYNAMIC_NO_PIC = NO;
				GCC_NO_COMMON_BLOCKS = YES;
				GCC_OPTIMIZATION_LEVEL = 0;
				GCC_PREPROCESSOR_DEFINITIONS = (
					"DEBUG=1",
					"$(inherited)",
				);
				GCC_WARN_64_TO_32_BIT_CONVERSION = YES;
				GCC_WARN_ABOUT_RETURN_TYPE = YES_ERROR;
				GCC_WARN_UNDECLARED_SELECTOR = YES;
				GCC_WARN_UNINITIALIZED_AUTOS = YES_AGGRESSIVE;
				GCC_WARN_UNUSED_FUNCTION = YES;
				GCC_WARN_UNUSED_VARIABLE = YES;
				MACOSX_DEPLOYMENT_TARGET = 13.3;
				MTL_ENABLE_DEBUG_INFO = INCLUDE_SOURCE;
				MTL_FAST_MATH = YES;
				ONLY_ACTIVE_ARCH = YES;
				SDKROOT = macosx;
				SWIFT_ACTIVE_COMPILATION_CONDITIONS = DEBUG;
				SWIFT_OPTIMIZATION_LEVEL = "-Onone";
				VERSIONING_SYSTEM = "apple-generic";
				VERSION_INFO_PREFIX = "";
			};
			name = Debug;
		};
		122238F72AB778E400CA91B7 /* Release */ = {
			isa = XCBuildConfiguration;
			buildSettings = {
				ALWAYS_SEARCH_USER_PATHS = NO;
				CLANG_ANALYZER_NONNULL = YES;
				CLANG_ANALYZER_NUMBER_OBJECT_CONVERSION = YES_AGGRESSIVE;
				CLANG_CXX_LANGUAGE_STANDARD = "gnu++20";
				CLANG_ENABLE_MODULES = YES;
				CLANG_ENABLE_OBJC_ARC = YES;
				CLANG_ENABLE_OBJC_WEAK = YES;
				CLANG_WARN_BLOCK_CAPTURE_AUTORELEASING = YES;
				CLANG_WARN_BOOL_CONVERSION = YES;
				CLANG_WARN_COMMA = YES;
				CLANG_WARN_CONSTANT_CONVERSION = YES;
				CLANG_WARN_DEPRECATED_OBJC_IMPLEMENTATIONS = YES;
				CLANG_WARN_DIRECT_OBJC_ISA_USAGE = YES_ERROR;
				CLANG_WARN_DOCUMENTATION_COMMENTS = YES;
				CLANG_WARN_EMPTY_BODY = YES;
				CLANG_WARN_ENUM_CONVERSION = YES;
				CLANG_WARN_INFINITE_RECURSION = YES;
				CLANG_WARN_INT_CONVERSION = YES;
				CLANG_WARN_NON_LITERAL_NULL_CONVERSION = YES;
				CLANG_WARN_OBJC_IMPLICIT_RETAIN_SELF = YES;
				CLANG_WARN_OBJC_LITERAL_CONVERSION = YES;
				CLANG_WARN_OBJC_ROOT_CLASS = YES_ERROR;
				CLANG_WARN_QUOTED_INCLUDE_IN_FRAMEWORK_HEADER = YES;
				CLANG_WARN_RANGE_LOOP_ANALYSIS = YES;
				CLANG_WARN_STRICT_PROTOTYPES = YES;
				CLANG_WARN_SUSPICIOUS_MOVE = YES;
				CLANG_WARN_UNGUARDED_AVAILABILITY = YES_AGGRESSIVE;
				CLANG_WARN_UNREACHABLE_CODE = YES;
				CLANG_WARN__DUPLICATE_METHOD_MATCH = YES;
				COPY_PHASE_STRIP = NO;
				CURRENT_PROJECT_VERSION = 1;
				DEAD_CODE_STRIPPING = YES;
				DEBUG_INFORMATION_FORMAT = "dwarf-with-dsym";
				ENABLE_NS_ASSERTIONS = NO;
				ENABLE_STRICT_OBJC_MSGSEND = YES;
				ENABLE_USER_SCRIPT_SANDBOXING = YES;
				GCC_C_LANGUAGE_STANDARD = gnu11;
				GCC_NO_COMMON_BLOCKS = YES;
				GCC_WARN_64_TO_32_BIT_CONVERSION = YES;
				GCC_WARN_ABOUT_RETURN_TYPE = YES_ERROR;
				GCC_WARN_UNDECLARED_SELECTOR = YES;
				GCC_WARN_UNINITIALIZED_AUTOS = YES_AGGRESSIVE;
				GCC_WARN_UNUSED_FUNCTION = YES;
				GCC_WARN_UNUSED_VARIABLE = YES;
				MACOSX_DEPLOYMENT_TARGET = 13.3;
				MTL_ENABLE_DEBUG_INFO = NO;
				MTL_FAST_MATH = YES;
				SDKROOT = macosx;
				SWIFT_COMPILATION_MODE = wholemodule;
				SWIFT_OPTIMIZATION_LEVEL = "-O";
				VERSIONING_SYSTEM = "apple-generic";
				VERSION_INFO_PREFIX = "";
			};
			name = Release;
		};
		122238F92AB778E400CA91B7 /* Debug */ = {
			isa = XCBuildConfiguration;
			buildSettings = {
				CLANG_ENABLE_MODULES = YES;
				CODE_SIGN_IDENTITY = "";
				CODE_SIGN_STYLE = Automatic;
				COMBINE_HIDPI_IMAGES = YES;
				CURRENT_PROJECT_VERSION = 1;
				DEAD_CODE_STRIPPING = YES;
				DEFINES_MODULE = YES;
				DEVELOPMENT_TEAM = 43ZNHCBLJ9;
				DYLIB_COMPATIBILITY_VERSION = 1;
				DYLIB_CURRENT_VERSION = 1;
				DYLIB_INSTALL_NAME_BASE = "@rpath";
				ENABLE_MODULE_VERIFIER = YES;
				GENERATE_INFOPLIST_FILE = YES;
				INFOPLIST_KEY_NSHumanReadableCopyright = "";
				INSTALL_PATH = "$(LOCAL_LIBRARY_DIR)/Frameworks";
				LD_RUNPATH_SEARCH_PATHS = (
					"$(inherited)",
					"@executable_path/../Frameworks",
					"@loader_path/Frameworks",
				);
				MARKETING_VERSION = 1.0;
				MODULE_VERIFIER_SUPPORTED_LANGUAGES = "objective-c objective-c++";
				MODULE_VERIFIER_SUPPORTED_LANGUAGE_STANDARDS = "gnu11 gnu++20";
				PRODUCT_BUNDLE_IDENTIFIER = "dev.HW-1";
				PRODUCT_NAME = "$(TARGET_NAME:c99extidentifier)";
				SKIP_INSTALL = YES;
				SWIFT_EMIT_LOC_STRINGS = YES;
				SWIFT_OPTIMIZATION_LEVEL = "-Onone";
				SWIFT_VERSION = 5.0;
			};
			name = Debug;
		};
		122238FA2AB778E400CA91B7 /* Release */ = {
			isa = XCBuildConfiguration;
			buildSettings = {
				CLANG_ENABLE_MODULES = YES;
				CODE_SIGN_IDENTITY = "";
				CODE_SIGN_STYLE = Automatic;
				COMBINE_HIDPI_IMAGES = YES;
				CURRENT_PROJECT_VERSION = 1;
				DEAD_CODE_STRIPPING = YES;
				DEFINES_MODULE = YES;
				DEVELOPMENT_TEAM = 43ZNHCBLJ9;
				DYLIB_COMPATIBILITY_VERSION = 1;
				DYLIB_CURRENT_VERSION = 1;
				DYLIB_INSTALL_NAME_BASE = "@rpath";
				ENABLE_MODULE_VERIFIER = YES;
				GENERATE_INFOPLIST_FILE = YES;
				INFOPLIST_KEY_NSHumanReadableCopyright = "";
				INSTALL_PATH = "$(LOCAL_LIBRARY_DIR)/Frameworks";
				LD_RUNPATH_SEARCH_PATHS = (
					"$(inherited)",
					"@executable_path/../Frameworks",
					"@loader_path/Frameworks",
				);
				MARKETING_VERSION = 1.0;
				MODULE_VERIFIER_SUPPORTED_LANGUAGES = "objective-c objective-c++";
				MODULE_VERIFIER_SUPPORTED_LANGUAGE_STANDARDS = "gnu11 gnu++20";
				PRODUCT_BUNDLE_IDENTIFIER = "dev.HW-1";
				PRODUCT_NAME = "$(TARGET_NAME:c99extidentifier)";
				SKIP_INSTALL = YES;
				SWIFT_EMIT_LOC_STRINGS = YES;
				SWIFT_VERSION = 5.0;
			};
			name = Release;
		};
		122238FC2AB778E400CA91B7 /* Debug */ = {
			isa = XCBuildConfiguration;
			buildSettings = {
				ALWAYS_EMBED_SWIFT_STANDARD_LIBRARIES = YES;
				CODE_SIGN_STYLE = Automatic;
				CURRENT_PROJECT_VERSION = 1;
				DEAD_CODE_STRIPPING = YES;
				DEVELOPMENT_TEAM = 43ZNHCBLJ9;
				GENERATE_INFOPLIST_FILE = YES;
				MARKETING_VERSION = 1.0;
				PRODUCT_BUNDLE_IDENTIFIER = "dev.HW-1Tests";
				PRODUCT_NAME = "$(TARGET_NAME)";
				SWIFT_EMIT_LOC_STRINGS = NO;
				SWIFT_VERSION = 5.0;
			};
			name = Debug;
		};
		122238FD2AB778E400CA91B7 /* Release */ = {
			isa = XCBuildConfiguration;
			buildSettings = {
				ALWAYS_EMBED_SWIFT_STANDARD_LIBRARIES = YES;
				CODE_SIGN_STYLE = Automatic;
				CURRENT_PROJECT_VERSION = 1;
				DEAD_CODE_STRIPPING = YES;
				DEVELOPMENT_TEAM = 43ZNHCBLJ9;
				GENERATE_INFOPLIST_FILE = YES;
				MARKETING_VERSION = 1.0;
				PRODUCT_BUNDLE_IDENTIFIER = "dev.HW-1Tests";
				PRODUCT_NAME = "$(TARGET_NAME)";
				SWIFT_EMIT_LOC_STRINGS = NO;
				SWIFT_VERSION = 5.0;
			};
			name = Release;
		};
/* End XCBuildConfiguration section */

/* Begin XCConfigurationList section */
		122238E02AB778E300CA91B7 /* Build configuration list for PBXProject "HW_1" */ = {
			isa = XCConfigurationList;
			buildConfigurations = (
				122238F62AB778E400CA91B7 /* Debug */,
				122238F72AB778E400CA91B7 /* Release */,
			);
			defaultConfigurationIsVisible = 0;
			defaultConfigurationName = Release;
		};
		122238F82AB778E400CA91B7 /* Build configuration list for PBXNativeTarget "HW_1" */ = {
			isa = XCConfigurationList;
			buildConfigurations = (
				122238F92AB778E400CA91B7 /* Debug */,
				122238FA2AB778E400CA91B7 /* Release */,
			);
			defaultConfigurationIsVisible = 0;
			defaultConfigurationName = Release;
		};
		122238FB2AB778E400CA91B7 /* Build configuration list for PBXNativeTarget "HW_1Tests" */ = {
			isa = XCConfigurationList;
			buildConfigurations = (
				122238FC2AB778E400CA91B7 /* Debug */,
				122238FD2AB778E400CA91B7 /* Release */,
			);
			defaultConfigurationIsVisible = 0;
			defaultConfigurationName = Release;
		};
/* End XCConfigurationList section */
	};
	rootObject = 122238DD2AB778E300CA91B7 /* Project object */;
}
