// !$*UTF8*$!
{
	archiveVersion = 1;
	classes = {
	};
	objectVersion = 56;
	objects = {

/* Begin PBXBuildFile section */
		CCCA280E2AF93AFA00791A2D /* NetworkManager.swift in Sources */ = {isa = PBXBuildFile; fileRef = CCCA280D2AF93AFA00791A2D /* NetworkManager.swift */; };
		F58DB5E02AEA22580008370C /* AppDelegate.swift in Sources */ = {isa = PBXBuildFile; fileRef = F58DB5DF2AEA22580008370C /* AppDelegate.swift */; };
		F58DB5E22AEA22580008370C /* SceneDelegate.swift in Sources */ = {isa = PBXBuildFile; fileRef = F58DB5E12AEA22580008370C /* SceneDelegate.swift */; };
		F58DB5E92AEA225A0008370C /* Assets.xcassets in Resources */ = {isa = PBXBuildFile; fileRef = F58DB5E82AEA225A0008370C /* Assets.xcassets */; };
		F58DB5EC2AEA225A0008370C /* LaunchScreen.storyboard in Resources */ = {isa = PBXBuildFile; fileRef = F58DB5EA2AEA225A0008370C /* LaunchScreen.storyboard */; };
		F58DB5F42AEA22C50008370C /* LoginViewController.swift in Sources */ = {isa = PBXBuildFile; fileRef = F58DB5F32AEA22C50008370C /* LoginViewController.swift */; };
		F58DB5F62AEA22DC0008370C /* RowsViewController.swift in Sources */ = {isa = PBXBuildFile; fileRef = F58DB5F52AEA22DC0008370C /* RowsViewController.swift */; };
		F58DB5FA2AEA231B0008370C /* LoginView.swift in Sources */ = {isa = PBXBuildFile; fileRef = F58DB5F92AEA231B0008370C /* LoginView.swift */; };
		F58DB5FD2AEA23340008370C /* BaseView.swift in Sources */ = {isa = PBXBuildFile; fileRef = F58DB5FC2AEA23340008370C /* BaseView.swift */; };
		F58DB6D32AEA240D0008370C /* BaseViewController.swift in Sources */ = {isa = PBXBuildFile; fileRef = F58DB6D22AEA240D0008370C /* BaseViewController.swift */; };
		F58DB6D52AEA2C8D0008370C /* UIView+ Extensions.swift in Sources */ = {isa = PBXBuildFile; fileRef = F58DB6D42AEA2C8D0008370C /* UIView+ Extensions.swift */; };
		F58DB6D72AEA345E0008370C /* RowsView.swift in Sources */ = {isa = PBXBuildFile; fileRef = F58DB6D62AEA345E0008370C /* RowsView.swift */; };
		F58DB6D92AEA35670008370C /* BaseTableViewCell.swift in Sources */ = {isa = PBXBuildFile; fileRef = F58DB6D82AEA35670008370C /* BaseTableViewCell.swift */; };
		F58DB6DC2AEA371E0008370C /* RowsCellView.swift in Sources */ = {isa = PBXBuildFile; fileRef = F58DB6DB2AEA371E0008370C /* RowsCellView.swift */; };
/* End PBXBuildFile section */

/* Begin PBXFileReference section */
		CCCA280D2AF93AFA00791A2D /* NetworkManager.swift */ = {isa = PBXFileReference; lastKnownFileType = sourcecode.swift; path = NetworkManager.swift; sourceTree = "<group>"; };
		F58DB5DC2AEA22580008370C /* ITMO_NETWORK.app */ = {isa = PBXFileReference; explicitFileType = wrapper.application; includeInIndex = 0; path = ITMO_NETWORK.app; sourceTree = BUILT_PRODUCTS_DIR; };
		F58DB5DF2AEA22580008370C /* AppDelegate.swift */ = {isa = PBXFileReference; lastKnownFileType = sourcecode.swift; path = AppDelegate.swift; sourceTree = "<group>"; };
		F58DB5E12AEA22580008370C /* SceneDelegate.swift */ = {isa = PBXFileReference; lastKnownFileType = sourcecode.swift; path = SceneDelegate.swift; sourceTree = "<group>"; };
		F58DB5E82AEA225A0008370C /* Assets.xcassets */ = {isa = PBXFileReference; lastKnownFileType = folder.assetcatalog; path = Assets.xcassets; sourceTree = "<group>"; };
		F58DB5EB2AEA225A0008370C /* Base */ = {isa = PBXFileReference; lastKnownFileType = file.storyboard; name = Base; path = Base.lproj/LaunchScreen.storyboard; sourceTree = "<group>"; };
		F58DB5ED2AEA225A0008370C /* Info.plist */ = {isa = PBXFileReference; lastKnownFileType = text.plist.xml; path = Info.plist; sourceTree = "<group>"; };
		F58DB5F32AEA22C50008370C /* LoginViewController.swift */ = {isa = PBXFileReference; lastKnownFileType = sourcecode.swift; path = LoginViewController.swift; sourceTree = "<group>"; };
		F58DB5F52AEA22DC0008370C /* RowsViewController.swift */ = {isa = PBXFileReference; lastKnownFileType = sourcecode.swift; path = RowsViewController.swift; sourceTree = "<group>"; };
		F58DB5F92AEA231B0008370C /* LoginView.swift */ = {isa = PBXFileReference; lastKnownFileType = sourcecode.swift; path = LoginView.swift; sourceTree = "<group>"; };
		F58DB5FC2AEA23340008370C /* BaseView.swift */ = {isa = PBXFileReference; lastKnownFileType = sourcecode.swift; path = BaseView.swift; sourceTree = "<group>"; };
		F58DB6D22AEA240D0008370C /* BaseViewController.swift */ = {isa = PBXFileReference; lastKnownFileType = sourcecode.swift; path = BaseViewController.swift; sourceTree = "<group>"; };
		F58DB6D42AEA2C8D0008370C /* UIView+ Extensions.swift */ = {isa = PBXFileReference; lastKnownFileType = sourcecode.swift; path = "UIView+ Extensions.swift"; sourceTree = "<group>"; };
		F58DB6D62AEA345E0008370C /* RowsView.swift */ = {isa = PBXFileReference; lastKnownFileType = sourcecode.swift; path = RowsView.swift; sourceTree = "<group>"; };
		F58DB6D82AEA35670008370C /* BaseTableViewCell.swift */ = {isa = PBXFileReference; lastKnownFileType = sourcecode.swift; path = BaseTableViewCell.swift; sourceTree = "<group>"; };
		F58DB6DB2AEA371E0008370C /* RowsCellView.swift */ = {isa = PBXFileReference; lastKnownFileType = sourcecode.swift; path = RowsCellView.swift; sourceTree = "<group>"; };
/* End PBXFileReference section */

/* Begin PBXFrameworksBuildPhase section */
		F58DB5D92AEA22580008370C /* Frameworks */ = {
			isa = PBXFrameworksBuildPhase;
			buildActionMask = 2147483647;
			files = (
			);
			runOnlyForDeploymentPostprocessing = 0;
		};
/* End PBXFrameworksBuildPhase section */

/* Begin PBXGroup section */
		CCCA280C2AF93ADC00791A2D /* Network */ = {
			isa = PBXGroup;
			children = (
				CCCA280D2AF93AFA00791A2D /* NetworkManager.swift */,
			);
			path = Network;
			sourceTree = "<group>";
		};
		F58DB5D32AEA22580008370C = {
			isa = PBXGroup;
			children = (
				F58DB5DE2AEA22580008370C /* ITMO_NETWORK */,
				F58DB5DD2AEA22580008370C /* Products */,
			);
			sourceTree = "<group>";
		};
		F58DB5DD2AEA22580008370C /* Products */ = {
			isa = PBXGroup;
			children = (
				F58DB5DC2AEA22580008370C /* ITMO_NETWORK.app */,
			);
			name = Products;
			sourceTree = "<group>";
		};
		F58DB5DE2AEA22580008370C /* ITMO_NETWORK */ = {
			isa = PBXGroup;
			children = (
				CCCA280C2AF93ADC00791A2D /* Network */,
				F58DB5FB2AEA23270008370C /* Library */,
				F58DB5F82AEA22FB0008370C /* RowsScreen */,
				F58DB5F72AEA22F50008370C /* LoginScreen */,
				F58DB5DF2AEA22580008370C /* AppDelegate.swift */,
				F58DB5E12AEA22580008370C /* SceneDelegate.swift */,
				F58DB5E82AEA225A0008370C /* Assets.xcassets */,
				F58DB5EA2AEA225A0008370C /* LaunchScreen.storyboard */,
				F58DB5ED2AEA225A0008370C /* Info.plist */,
			);
			path = ITMO_NETWORK;
			sourceTree = "<group>";
		};
		F58DB5F72AEA22F50008370C /* LoginScreen */ = {
			isa = PBXGroup;
			children = (
				F58DB5F32AEA22C50008370C /* LoginViewController.swift */,
				F58DB5F92AEA231B0008370C /* LoginView.swift */,
			);
			path = LoginScreen;
			sourceTree = "<group>";
		};
		F58DB5F82AEA22FB0008370C /* RowsScreen */ = {
			isa = PBXGroup;
			children = (
				F58DB5F52AEA22DC0008370C /* RowsViewController.swift */,
				F58DB6D62AEA345E0008370C /* RowsView.swift */,
				F58DB6DB2AEA371E0008370C /* RowsCellView.swift */,
			);
			path = RowsScreen;
			sourceTree = "<group>";
		};
		F58DB5FB2AEA23270008370C /* Library */ = {
			isa = PBXGroup;
			children = (
				F58DB5FC2AEA23340008370C /* BaseView.swift */,
				F58DB6D22AEA240D0008370C /* BaseViewController.swift */,
				F58DB6D42AEA2C8D0008370C /* UIView+ Extensions.swift */,
				F58DB6D82AEA35670008370C /* BaseTableViewCell.swift */,
			);
			path = Library;
			sourceTree = "<group>";
		};
/* End PBXGroup section */

/* Begin PBXNativeTarget section */
		F58DB5DB2AEA22580008370C /* ITMO_NETWORK */ = {
			isa = PBXNativeTarget;
			buildConfigurationList = F58DB5F02AEA225A0008370C /* Build configuration list for PBXNativeTarget "ITMO_NETWORK" */;
			buildPhases = (
				F58DB5D82AEA22580008370C /* Sources */,
				F58DB5D92AEA22580008370C /* Frameworks */,
				F58DB5DA2AEA22580008370C /* Resources */,
			);
			buildRules = (
			);
			dependencies = (
			);
			name = ITMO_NETWORK;
			productName = ITMO_NETWORK;
			productReference = F58DB5DC2AEA22580008370C /* ITMO_NETWORK.app */;
			productType = "com.apple.product-type.application";
		};
/* End PBXNativeTarget section */

/* Begin PBXProject section */
		F58DB5D42AEA22580008370C /* Project object */ = {
			isa = PBXProject;
			attributes = {
				BuildIndependentTargetsInParallel = 1;
				LastSwiftUpdateCheck = 1500;
				LastUpgradeCheck = 1500;
				TargetAttributes = {
					F58DB5DB2AEA22580008370C = {
						CreatedOnToolsVersion = 15.0;
					};
				};
			};
			buildConfigurationList = F58DB5D72AEA22580008370C /* Build configuration list for PBXProject "ITMO_NETWORK" */;
			compatibilityVersion = "Xcode 14.0";
			developmentRegion = en;
			hasScannedForEncodings = 0;
			knownRegions = (
				en,
				Base,
			);
			mainGroup = F58DB5D32AEA22580008370C;
			productRefGroup = F58DB5DD2AEA22580008370C /* Products */;
			projectDirPath = "";
			projectRoot = "";
			targets = (
				F58DB5DB2AEA22580008370C /* ITMO_NETWORK */,
			);
		};
/* End PBXProject section */

/* Begin PBXResourcesBuildPhase section */
		F58DB5DA2AEA22580008370C /* Resources */ = {
			isa = PBXResourcesBuildPhase;
			buildActionMask = 2147483647;
			files = (
				F58DB5EC2AEA225A0008370C /* LaunchScreen.storyboard in Resources */,
				F58DB5E92AEA225A0008370C /* Assets.xcassets in Resources */,
			);
			runOnlyForDeploymentPostprocessing = 0;
		};
/* End PBXResourcesBuildPhase section */

/* Begin PBXSourcesBuildPhase section */
		F58DB5D82AEA22580008370C /* Sources */ = {
			isa = PBXSourcesBuildPhase;
			buildActionMask = 2147483647;
			files = (
				CCCA280E2AF93AFA00791A2D /* NetworkManager.swift in Sources */,
				F58DB5F42AEA22C50008370C /* LoginViewController.swift in Sources */,
				F58DB5F62AEA22DC0008370C /* RowsViewController.swift in Sources */,
				F58DB5E02AEA22580008370C /* AppDelegate.swift in Sources */,
				F58DB5FD2AEA23340008370C /* BaseView.swift in Sources */,
				F58DB5FA2AEA231B0008370C /* LoginView.swift in Sources */,
				F58DB6D32AEA240D0008370C /* BaseViewController.swift in Sources */,
				F58DB5E22AEA22580008370C /* SceneDelegate.swift in Sources */,
				F58DB6DC2AEA371E0008370C /* RowsCellView.swift in Sources */,
				F58DB6D72AEA345E0008370C /* RowsView.swift in Sources */,
				F58DB6D92AEA35670008370C /* BaseTableViewCell.swift in Sources */,
				F58DB6D52AEA2C8D0008370C /* UIView+ Extensions.swift in Sources */,
			);
			runOnlyForDeploymentPostprocessing = 0;
		};
/* End PBXSourcesBuildPhase section */

/* Begin PBXVariantGroup section */
		F58DB5EA2AEA225A0008370C /* LaunchScreen.storyboard */ = {
			isa = PBXVariantGroup;
			children = (
				F58DB5EB2AEA225A0008370C /* Base */,
			);
			name = LaunchScreen.storyboard;
			sourceTree = "<group>";
		};
/* End PBXVariantGroup section */

/* Begin XCBuildConfiguration section */
		F58DB5EE2AEA225A0008370C /* Debug */ = {
			isa = XCBuildConfiguration;
			buildSettings = {
				ALWAYS_SEARCH_USER_PATHS = NO;
				ASSETCATALOG_COMPILER_GENERATE_SWIFT_ASSET_SYMBOL_EXTENSIONS = YES;
				CLANG_ANALYZER_NONNULL = YES;
				CLANG_ANALYZER_NUMBER_OBJECT_CONVERSION = YES_AGGRESSIVE;
				CLANG_CXX_LANGUAGE_STANDARD = "gnu++20";
				CLANG_ENABLE_MODULES = YES;
				CLANG_ENABLE_OBJC_ARC = YES;
				CLANG_ENABLE_OBJC_WEAK = YES;
				CLANG_WARN_BLOCK_CAPTURE_AUTORELEASING = YES;
				CLANG_WARN_BOOL_CONVERSION = YES;
				CLANG_WARN_COMMA = YES;
				CLANG_WARN_CONSTANT_CONVERSION = YES;
				CLANG_WARN_DEPRECATED_OBJC_IMPLEMENTATIONS = YES;
				CLANG_WARN_DIRECT_OBJC_ISA_USAGE = YES_ERROR;
				CLANG_WARN_DOCUMENTATION_COMMENTS = YES;
				CLANG_WARN_EMPTY_BODY = YES;
				CLANG_WARN_ENUM_CONVERSION = YES;
				CLANG_WARN_INFINITE_RECURSION = YES;
				CLANG_WARN_INT_CONVERSION = YES;
				CLANG_WARN_NON_LITERAL_NULL_CONVERSION = YES;
				CLANG_WARN_OBJC_IMPLICIT_RETAIN_SELF = YES;
				CLANG_WARN_OBJC_LITERAL_CONVERSION = YES;
				CLANG_WARN_OBJC_ROOT_CLASS = YES_ERROR;
				CLANG_WARN_QUOTED_INCLUDE_IN_FRAMEWORK_HEADER = YES;
				CLANG_WARN_RANGE_LOOP_ANALYSIS = YES;
				CLANG_WARN_STRICT_PROTOTYPES = YES;
				CLANG_WARN_SUSPICIOUS_MOVE = YES;
				CLANG_WARN_UNGUARDED_AVAILABILITY = YES_AGGRESSIVE;
				CLANG_WARN_UNREACHABLE_CODE = YES;
				CLANG_WARN__DUPLICATE_METHOD_MATCH = YES;
				COPY_PHASE_STRIP = NO;
				DEBUG_INFORMATION_FORMAT = dwarf;
				ENABLE_STRICT_OBJC_MSGSEND = YES;
				ENABLE_TESTABILITY = YES;
				ENABLE_USER_SCRIPT_SANDBOXING = YES;
				GCC_C_LANGUAGE_STANDARD = gnu17;
				GCC_DYNAMIC_NO_PIC = NO;
				GCC_NO_COMMON_BLOCKS = YES;
				GCC_OPTIMIZATION_LEVEL = 0;
				GCC_PREPROCESSOR_DEFINITIONS = (
					"DEBUG=1",
					"$(inherited)",
				);
				GCC_WARN_64_TO_32_BIT_CONVERSION = YES;
				GCC_WARN_ABOUT_RETURN_TYPE = YES_ERROR;
				GCC_WARN_UNDECLARED_SELECTOR = YES;
				GCC_WARN_UNINITIALIZED_AUTOS = YES_AGGRESSIVE;
				GCC_WARN_UNUSED_FUNCTION = YES;
				GCC_WARN_UNUSED_VARIABLE = YES;
				IPHONEOS_DEPLOYMENT_TARGET = 17.0;
				LOCALIZATION_PREFERS_STRING_CATALOGS = YES;
				MTL_ENABLE_DEBUG_INFO = INCLUDE_SOURCE;
				MTL_FAST_MATH = YES;
				ONLY_ACTIVE_ARCH = YES;
				SDKROOT = iphoneos;
				SWIFT_ACTIVE_COMPILATION_CONDITIONS = "DEBUG $(inherited)";
				SWIFT_OPTIMIZATION_LEVEL = "-Onone";
			};
			name = Debug;
		};
		F58DB5EF2AEA225A0008370C /* Release */ = {
			isa = XCBuildConfiguration;
			buildSettings = {
				ALWAYS_SEARCH_USER_PATHS = NO;
				ASSETCATALOG_COMPILER_GENERATE_SWIFT_ASSET_SYMBOL_EXTENSIONS = YES;
				CLANG_ANALYZER_NONNULL = YES;
				CLANG_ANALYZER_NUMBER_OBJECT_CONVERSION = YES_AGGRESSIVE;
				CLANG_CXX_LANGUAGE_STANDARD = "gnu++20";
				CLANG_ENABLE_MODULES = YES;
				CLANG_ENABLE_OBJC_ARC = YES;
				CLANG_ENABLE_OBJC_WEAK = YES;
				CLANG_WARN_BLOCK_CAPTURE_AUTORELEASING = YES;
				CLANG_WARN_BOOL_CONVERSION = YES;
				CLANG_WARN_COMMA = YES;
				CLANG_WARN_CONSTANT_CONVERSION = YES;
				CLANG_WARN_DEPRECATED_OBJC_IMPLEMENTATIONS = YES;
				CLANG_WARN_DIRECT_OBJC_ISA_USAGE = YES_ERROR;
				CLANG_WARN_DOCUMENTATION_COMMENTS = YES;
				CLANG_WARN_EMPTY_BODY = YES;
				CLANG_WARN_ENUM_CONVERSION = YES;
				CLANG_WARN_INFINITE_RECURSION = YES;
				CLANG_WARN_INT_CONVERSION = YES;
				CLANG_WARN_NON_LITERAL_NULL_CONVERSION = YES;
				CLANG_WARN_OBJC_IMPLICIT_RETAIN_SELF = YES;
				CLANG_WARN_OBJC_LITERAL_CONVERSION = YES;
				CLANG_WARN_OBJC_ROOT_CLASS = YES_ERROR;
				CLANG_WARN_QUOTED_INCLUDE_IN_FRAMEWORK_HEADER = YES;
				CLANG_WARN_RANGE_LOOP_ANALYSIS = YES;
				CLANG_WARN_STRICT_PROTOTYPES = YES;
				CLANG_WARN_SUSPICIOUS_MOVE = YES;
				CLANG_WARN_UNGUARDED_AVAILABILITY = YES_AGGRESSIVE;
				CLANG_WARN_UNREACHABLE_CODE = YES;
				CLANG_WARN__DUPLICATE_METHOD_MATCH = YES;
				COPY_PHASE_STRIP = NO;
				DEBUG_INFORMATION_FORMAT = "dwarf-with-dsym";
				ENABLE_NS_ASSERTIONS = NO;
				ENABLE_STRICT_OBJC_MSGSEND = YES;
				ENABLE_USER_SCRIPT_SANDBOXING = YES;
				GCC_C_LANGUAGE_STANDARD = gnu17;
				GCC_NO_COMMON_BLOCKS = YES;
				GCC_WARN_64_TO_32_BIT_CONVERSION = YES;
				GCC_WARN_ABOUT_RETURN_TYPE = YES_ERROR;
				GCC_WARN_UNDECLARED_SELECTOR = YES;
				GCC_WARN_UNINITIALIZED_AUTOS = YES_AGGRESSIVE;
				GCC_WARN_UNUSED_FUNCTION = YES;
				GCC_WARN_UNUSED_VARIABLE = YES;
				IPHONEOS_DEPLOYMENT_TARGET = 17.0;
				LOCALIZATION_PREFERS_STRING_CATALOGS = YES;
				MTL_ENABLE_DEBUG_INFO = NO;
				MTL_FAST_MATH = YES;
				SDKROOT = iphoneos;
				SWIFT_COMPILATION_MODE = wholemodule;
				VALIDATE_PRODUCT = YES;
			};
			name = Release;
		};
		F58DB5F12AEA225A0008370C /* Debug */ = {
			isa = XCBuildConfiguration;
			buildSettings = {
				ASSETCATALOG_COMPILER_APPICON_NAME = AppIcon;
				ASSETCATALOG_COMPILER_GLOBAL_ACCENT_COLOR_NAME = AccentColor;
				CODE_SIGN_STYLE = Automatic;
				CURRENT_PROJECT_VERSION = 1;
				DEVELOPMENT_TEAM = GMD7EK7S94;
				GENERATE_INFOPLIST_FILE = YES;
				INFOPLIST_FILE = ITMO_NETWORK/Info.plist;
				INFOPLIST_KEY_UIApplicationSupportsIndirectInputEvents = YES;
				INFOPLIST_KEY_UILaunchStoryboardName = LaunchScreen;
				INFOPLIST_KEY_UIMainStoryboardFile = "";
				INFOPLIST_KEY_UISupportedInterfaceOrientations_iPad = "UIInterfaceOrientationPortrait UIInterfaceOrientationPortraitUpsideDown UIInterfaceOrientationLandscapeLeft UIInterfaceOrientationLandscapeRight";
				INFOPLIST_KEY_UISupportedInterfaceOrientations_iPhone = "UIInterfaceOrientationPortrait UIInterfaceOrientationLandscapeLeft UIInterfaceOrientationLandscapeRight";
				LD_RUNPATH_SEARCH_PATHS = (
					"$(inherited)",
					"@executable_path/Frameworks",
				);
				MARKETING_VERSION = 1.0;
				PRODUCT_BUNDLE_IDENTIFIER = "academy.lazyload.ITMO-NETWORK";
				PRODUCT_NAME = "$(TARGET_NAME)";
				SWIFT_EMIT_LOC_STRINGS = YES;
				SWIFT_VERSION = 5.0;
				TARGETED_DEVICE_FAMILY = "1,2";
			};
			name = Debug;
		};
		F58DB5F22AEA225A0008370C /* Release */ = {
			isa = XCBuildConfiguration;
			buildSettings = {
				ASSETCATALOG_COMPILER_APPICON_NAME = AppIcon;
				ASSETCATALOG_COMPILER_GLOBAL_ACCENT_COLOR_NAME = AccentColor;
				CODE_SIGN_STYLE = Automatic;
				CURRENT_PROJECT_VERSION = 1;
				DEVELOPMENT_TEAM = GMD7EK7S94;
				GENERATE_INFOPLIST_FILE = YES;
				INFOPLIST_FILE = ITMO_NETWORK/Info.plist;
				INFOPLIST_KEY_UIApplicationSupportsIndirectInputEvents = YES;
				INFOPLIST_KEY_UILaunchStoryboardName = LaunchScreen;
				INFOPLIST_KEY_UIMainStoryboardFile = "";
				INFOPLIST_KEY_UISupportedInterfaceOrientations_iPad = "UIInterfaceOrientationPortrait UIInterfaceOrientationPortraitUpsideDown UIInterfaceOrientationLandscapeLeft UIInterfaceOrientationLandscapeRight";
				INFOPLIST_KEY_UISupportedInterfaceOrientations_iPhone = "UIInterfaceOrientationPortrait UIInterfaceOrientationLandscapeLeft UIInterfaceOrientationLandscapeRight";
				LD_RUNPATH_SEARCH_PATHS = (
					"$(inherited)",
					"@executable_path/Frameworks",
				);
				MARKETING_VERSION = 1.0;
				PRODUCT_BUNDLE_IDENTIFIER = "academy.lazyload.ITMO-NETWORK";
				PRODUCT_NAME = "$(TARGET_NAME)";
				SWIFT_EMIT_LOC_STRINGS = YES;
				SWIFT_VERSION = 5.0;
				TARGETED_DEVICE_FAMILY = "1,2";
			};
			name = Release;
		};
/* End XCBuildConfiguration section */

/* Begin XCConfigurationList section */
		F58DB5D72AEA22580008370C /* Build configuration list for PBXProject "ITMO_NETWORK" */ = {
			isa = XCConfigurationList;
			buildConfigurations = (
				F58DB5EE2AEA225A0008370C /* Debug */,
				F58DB5EF2AEA225A0008370C /* Release */,
			);
			defaultConfigurationIsVisible = 0;
			defaultConfigurationName = Release;
		};
		F58DB5F02AEA225A0008370C /* Build configuration list for PBXNativeTarget "ITMO_NETWORK" */ = {
			isa = XCConfigurationList;
			buildConfigurations = (
				F58DB5F12AEA225A0008370C /* Debug */,
				F58DB5F22AEA225A0008370C /* Release */,
			);
			defaultConfigurationIsVisible = 0;
			defaultConfigurationName = Release;
		};
/* End XCConfigurationList section */
	};
	rootObject = F58DB5D42AEA22580008370C /* Project object */;
}
